
Microsoft Visual Studio Solution File, Format Version 12.00
# Visual Studio 14
VisualStudioVersion = 14.0.23107.0
MinimumVisualStudioVersion = 10.0.40219.1
Project("{D954291E-2A0B-460D-934E-DC6B0785DB48}") = "PlugTest", "PlugTest\PlugTest\PlugTest.shproj", "{4323EB54-F3CF-4086-9BB5-BF35316DF033}"
EndProject
Project("{FAE04EC0-301F-11D3-BF4B-00C04F79EFBC}") = "PlugTest.WinPhone", "PlugTest\PlugTest.WinPhone\PlugTest.WinPhone.csproj", "{9E3611BF-27FD-47E5-BE1D-39869398268E}"
EndProject
Project("{FAE04EC0-301F-11D3-BF4B-00C04F79EFBC}") = "PlugTest.iOS", "PlugTest\PlugTest.iOS\PlugTest.iOS.csproj", "{2D3E23CC-FF9E-4763-BD62-E7B74982E11E}"
EndProject
Project("{FAE04EC0-301F-11D3-BF4B-00C04F79EFBC}") = "PlugTest.Droid", "PlugTest\PlugTest.Droid\PlugTest.Droid.csproj", "{04862A5D-0637-4E3F-93DF-C6369B7694C9}"
EndProject
Global
	GlobalSection(SharedMSBuildProjectFiles) = preSolution
		PlugTest\PlugTest\PlugTest.projitems*{9e3611bf-27fd-47e5-be1d-39869398268e}*SharedItemsImports = 4
		PlugTest\PlugTest\PlugTest.projitems*{04862a5d-0637-4e3f-93df-c6369b7694c9}*SharedItemsImports = 4
		PlugTest\PlugTest\PlugTest.projitems*{4323eb54-f3cf-4086-9bb5-bf35316df033}*SharedItemsImports = 13
		PlugTest\PlugTest\PlugTest.projitems*{2d3e23cc-ff9e-4763-bd62-e7b74982e11e}*SharedItemsImports = 4
	EndGlobalSection
	GlobalSection(SolutionConfigurationPlatforms) = preSolution
		Ad-Hoc|Any CPU = Ad-Hoc|Any CPU
		Ad-Hoc|ARM = Ad-Hoc|ARM
		Ad-Hoc|iPhone = Ad-Hoc|iPhone
		Ad-Hoc|iPhoneSimulator = Ad-Hoc|iPhoneSimulator
		Ad-Hoc|x86 = Ad-Hoc|x86
		AppStore|Any CPU = AppStore|Any CPU
		AppStore|ARM = AppStore|ARM
		AppStore|iPhone = AppStore|iPhone
		AppStore|iPhoneSimulator = AppStore|iPhoneSimulator
		AppStore|x86 = AppStore|x86
		Debug|Any CPU = Debug|Any CPU
		Debug|ARM = Debug|ARM
		Debug|iPhone = Debug|iPhone
		Debug|iPhoneSimulator = Debug|iPhoneSimulator
		Debug|x86 = Debug|x86
		Release|Any CPU = Release|Any CPU
		Release|ARM = Release|ARM
		Release|iPhone = Release|iPhone
		Release|iPhoneSimulator = Release|iPhoneSimulator
		Release|x86 = Release|x86
	EndGlobalSection
	GlobalSection(ProjectConfigurationPlatforms) = postSolution
		{9E3611BF-27FD-47E5-BE1D-39869398268E}.Ad-Hoc|Any CPU.ActiveCfg = Release|Any CPU
		{9E3611BF-27FD-47E5-BE1D-39869398268E}.Ad-Hoc|Any CPU.Build.0 = Release|Any CPU
		{9E3611BF-27FD-47E5-BE1D-39869398268E}.Ad-Hoc|Any CPU.Deploy.0 = Release|Any CPU
		{9E3611BF-27FD-47E5-BE1D-39869398268E}.Ad-Hoc|ARM.ActiveCfg = Release|ARM
		{9E3611BF-27FD-47E5-BE1D-39869398268E}.Ad-Hoc|ARM.Build.0 = Release|ARM
		{9E3611BF-27FD-47E5-BE1D-39869398268E}.Ad-Hoc|ARM.Deploy.0 = Release|ARM
		{9E3611BF-27FD-47E5-BE1D-39869398268E}.Ad-Hoc|iPhone.ActiveCfg = Release|Any CPU
		{9E3611BF-27FD-47E5-BE1D-39869398268E}.Ad-Hoc|iPhone.Build.0 = Release|Any CPU
		{9E3611BF-27FD-47E5-BE1D-39869398268E}.Ad-Hoc|iPhone.Deploy.0 = Release|Any CPU
		{9E3611BF-27FD-47E5-BE1D-39869398268E}.Ad-Hoc|iPhoneSimulator.ActiveCfg = Release|Any CPU
		{9E3611BF-27FD-47E5-BE1D-39869398268E}.Ad-Hoc|iPhoneSimulator.Build.0 = Release|Any CPU
		{9E3611BF-27FD-47E5-BE1D-39869398268E}.Ad-Hoc|iPhoneSimulator.Deploy.0 = Release|Any CPU
		{9E3611BF-27FD-47E5-BE1D-39869398268E}.Ad-Hoc|x86.ActiveCfg = Release|x86
		{9E3611BF-27FD-47E5-BE1D-39869398268E}.Ad-Hoc|x86.Build.0 = Release|x86
		{9E3611BF-27FD-47E5-BE1D-39869398268E}.Ad-Hoc|x86.Deploy.0 = Release|x86
		{9E3611BF-27FD-47E5-BE1D-39869398268E}.AppStore|Any CPU.ActiveCfg = Release|Any CPU
		{9E3611BF-27FD-47E5-BE1D-39869398268E}.AppStore|Any CPU.Build.0 = Release|Any CPU
		{9E3611BF-27FD-47E5-BE1D-39869398268E}.AppStore|Any CPU.Deploy.0 = Release|Any CPU
		{9E3611BF-27FD-47E5-BE1D-39869398268E}.AppStore|ARM.ActiveCfg = Release|ARM
		{9E3611BF-27FD-47E5-BE1D-39869398268E}.AppStore|ARM.Build.0 = Release|ARM
		{9E3611BF-27FD-47E5-BE1D-39869398268E}.AppStore|ARM.Deploy.0 = Release|ARM
		{9E3611BF-27FD-47E5-BE1D-39869398268E}.AppStore|iPhone.ActiveCfg = Release|Any CPU
		{9E3611BF-27FD-47E5-BE1D-39869398268E}.AppStore|iPhone.Build.0 = Release|Any CPU
		{9E3611BF-27FD-47E5-BE1D-39869398268E}.AppStore|iPhone.Deploy.0 = Release|Any CPU
		{9E3611BF-27FD-47E5-BE1D-39869398268E}.AppStore|iPhoneSimulator.ActiveCfg = Release|Any CPU
		{9E3611BF-27FD-47E5-BE1D-39869398268E}.AppStore|iPhoneSimulator.Build.0 = Release|Any CPU
		{9E3611BF-27FD-47E5-BE1D-39869398268E}.AppStore|iPhoneSimulator.Deploy.0 = Release|Any CPU
		{9E3611BF-27FD-47E5-BE1D-39869398268E}.AppStore|x86.ActiveCfg = Release|x86
		{9E3611BF-27FD-47E5-BE1D-39869398268E}.AppStore|x86.Build.0 = Release|x86
		{9E3611BF-27FD-47E5-BE1D-39869398268E}.AppStore|x86.Deploy.0 = Release|x86
		{9E3611BF-27FD-47E5-BE1D-39869398268E}.Debug|Any CPU.ActiveCfg = Debug|Any CPU
		{9E3611BF-27FD-47E5-BE1D-39869398268E}.Debug|Any CPU.Build.0 = Debug|Any CPU
		{9E3611BF-27FD-47E5-BE1D-39869398268E}.Debug|Any CPU.Deploy.0 = Debug|Any CPU
		{9E3611BF-27FD-47E5-BE1D-39869398268E}.Debug|ARM.ActiveCfg = Debug|ARM
		{9E3611BF-27FD-47E5-BE1D-39869398268E}.Debug|ARM.Build.0 = Debug|ARM
		{9E3611BF-27FD-47E5-BE1D-39869398268E}.Debug|ARM.Deploy.0 = Debug|ARM
		{9E3611BF-27FD-47E5-BE1D-39869398268E}.Debug|iPhone.ActiveCfg = Debug|Any CPU
		{9E3611BF-27FD-47E5-BE1D-39869398268E}.Debug|iPhone.Build.0 = Debug|Any CPU
		{9E3611BF-27FD-47E5-BE1D-39869398268E}.Debug|iPhone.Deploy.0 = Debug|Any CPU
		{9E3611BF-27FD-47E5-BE1D-39869398268E}.Debug|iPhoneSimulator.ActiveCfg = Debug|Any CPU
		{9E3611BF-27FD-47E5-BE1D-39869398268E}.Debug|iPhoneSimulator.Build.0 = Debug|Any CPU
		{9E3611BF-27FD-47E5-BE1D-39869398268E}.Debug|iPhoneSimulator.Deploy.0 = Debug|Any CPU
		{9E3611BF-27FD-47E5-BE1D-39869398268E}.Debug|x86.ActiveCfg = Debug|x86
		{9E3611BF-27FD-47E5-BE1D-39869398268E}.Debug|x86.Build.0 = Debug|x86
		{9E3611BF-27FD-47E5-BE1D-39869398268E}.Debug|x86.Deploy.0 = Debug|x86
		{9E3611BF-27FD-47E5-BE1D-39869398268E}.Release|Any CPU.ActiveCfg = Release|Any CPU
		{9E3611BF-27FD-47E5-BE1D-39869398268E}.Release|Any CPU.Build.0 = Release|Any CPU
		{9E3611BF-27FD-47E5-BE1D-39869398268E}.Release|Any CPU.Deploy.0 = Release|Any CPU
		{9E3611BF-27FD-47E5-BE1D-39869398268E}.Release|ARM.ActiveCfg = Release|ARM
		{9E3611BF-27FD-47E5-BE1D-39869398268E}.Release|ARM.Build.0 = Release|ARM
		{9E3611BF-27FD-47E5-BE1D-39869398268E}.Release|ARM.Deploy.0 = Release|ARM
		{9E3611BF-27FD-47E5-BE1D-39869398268E}.Release|iPhone.ActiveCfg = Release|Any CPU
		{9E3611BF-27FD-47E5-BE1D-39869398268E}.Release|iPhone.Build.0 = Release|Any CPU
		{9E3611BF-27FD-47E5-BE1D-39869398268E}.Release|iPhone.Deploy.0 = Release|Any CPU
		{9E3611BF-27FD-47E5-BE1D-39869398268E}.Release|iPhoneSimulator.ActiveCfg = Release|Any CPU
		{9E3611BF-27FD-47E5-BE1D-39869398268E}.Release|iPhoneSimulator.Build.0 = Release|Any CPU
		{9E3611BF-27FD-47E5-BE1D-39869398268E}.Release|iPhoneSimulator.Deploy.0 = Release|Any CPU
		{9E3611BF-27FD-47E5-BE1D-39869398268E}.Release|x86.ActiveCfg = Release|x86
		{9E3611BF-27FD-47E5-BE1D-39869398268E}.Release|x86.Build.0 = Release|x86
		{9E3611BF-27FD-47E5-BE1D-39869398268E}.Release|x86.Deploy.0 = Release|x86
		{2D3E23CC-FF9E-4763-BD62-E7B74982E11E}.Ad-Hoc|Any CPU.ActiveCfg = Ad-Hoc|iPhone
		{2D3E23CC-FF9E-4763-BD62-E7B74982E11E}.Ad-Hoc|ARM.ActiveCfg = Ad-Hoc|iPhone
		{2D3E23CC-FF9E-4763-BD62-E7B74982E11E}.Ad-Hoc|iPhone.ActiveCfg = Ad-Hoc|iPhone
		{2D3E23CC-FF9E-4763-BD62-E7B74982E11E}.Ad-Hoc|iPhone.Build.0 = Ad-Hoc|iPhone
		{2D3E23CC-FF9E-4763-BD62-E7B74982E11E}.Ad-Hoc|iPhoneSimulator.ActiveCfg = Ad-Hoc|iPhoneSimulator
		{2D3E23CC-FF9E-4763-BD62-E7B74982E11E}.Ad-Hoc|iPhoneSimulator.Build.0 = Ad-Hoc|iPhoneSimulator
		{2D3E23CC-FF9E-4763-BD62-E7B74982E11E}.Ad-Hoc|x86.ActiveCfg = Ad-Hoc|iPhone
		{2D3E23CC-FF9E-4763-BD62-E7B74982E11E}.AppStore|Any CPU.ActiveCfg = AppStore|iPhone
		{2D3E23CC-FF9E-4763-BD62-E7B74982E11E}.AppStore|ARM.ActiveCfg = AppStore|iPhone
		{2D3E23CC-FF9E-4763-BD62-E7B74982E11E}.AppStore|iPhone.ActiveCfg = AppStore|iPhone
		{2D3E23CC-FF9E-4763-BD62-E7B74982E11E}.AppStore|iPhone.Build.0 = AppStore|iPhone
		{2D3E23CC-FF9E-4763-BD62-E7B74982E11E}.AppStore|iPhoneSimulator.ActiveCfg = AppStore|iPhoneSimulator
		{2D3E23CC-FF9E-4763-BD62-E7B74982E11E}.AppStore|iPhoneSimulator.Build.0 = AppStore|iPhoneSimulator
		{2D3E23CC-FF9E-4763-BD62-E7B74982E11E}.AppStore|x86.ActiveCfg = AppStore|iPhone
		{2D3E23CC-FF9E-4763-BD62-E7B74982E11E}.Debug|Any CPU.ActiveCfg = Debug|iPhone
		{2D3E23CC-FF9E-4763-BD62-E7B74982E11E}.Debug|ARM.ActiveCfg = Debug|iPhone
		{2D3E23CC-FF9E-4763-BD62-E7B74982E11E}.Debug|iPhone.ActiveCfg = Debug|iPhone
		{2D3E23CC-FF9E-4763-BD62-E7B74982E11E}.Debug|iPhone.Build.0 = Debug|iPhone
		{2D3E23CC-FF9E-4763-BD62-E7B74982E11E}.Debug|iPhoneSimulator.ActiveCfg = Debug|iPhoneSimulator
		{2D3E23CC-FF9E-4763-BD62-E7B74982E11E}.Debug|iPhoneSimulator.Build.0 = Debug|iPhoneSimulator
		{2D3E23CC-FF9E-4763-BD62-E7B74982E11E}.Debug|x86.ActiveCfg = Debug|iPhone
		{2D3E23CC-FF9E-4763-BD62-E7B74982E11E}.Release|Any CPU.ActiveCfg = Release|iPhone
		{2D3E23CC-FF9E-4763-BD62-E7B74982E11E}.Release|ARM.ActiveCfg = Release|iPhone
		{2D3E23CC-FF9E-4763-BD62-E7B74982E11E}.Release|iPhone.ActiveCfg = Release|iPhone
		{2D3E23CC-FF9E-4763-BD62-E7B74982E11E}.Release|iPhone.Build.0 = Release|iPhone
		{2D3E23CC-FF9E-4763-BD62-E7B74982E11E}.Release|iPhoneSimulator.ActiveCfg = Release|iPhoneSimulator
		{2D3E23CC-FF9E-4763-BD62-E7B74982E11E}.Release|iPhoneSimulator.Build.0 = Release|iPhoneSimulator
		{2D3E23CC-FF9E-4763-BD62-E7B74982E11E}.Release|x86.ActiveCfg = Release|iPhone
		{04862A5D-0637-4E3F-93DF-C6369B7694C9}.Ad-Hoc|Any CPU.ActiveCfg = Release|Any CPU
		{04862A5D-0637-4E3F-93DF-C6369B7694C9}.Ad-Hoc|Any CPU.Build.0 = Release|Any CPU
		{04862A5D-0637-4E3F-93DF-C6369B7694C9}.Ad-Hoc|Any CPU.Deploy.0 = Release|Any CPU
		{04862A5D-0637-4E3F-93DF-C6369B7694C9}.Ad-Hoc|ARM.ActiveCfg = Release|Any CPU
		{04862A5D-0637-4E3F-93DF-C6369B7694C9}.Ad-Hoc|ARM.Build.0 = Release|Any CPU
		{04862A5D-0637-4E3F-93DF-C6369B7694C9}.Ad-Hoc|ARM.Deploy.0 = Release|Any CPU
		{04862A5D-0637-4E3F-93DF-C6369B7694C9}.Ad-Hoc|iPhone.ActiveCfg = Release|Any CPU
		{04862A5D-0637-4E3F-93DF-C6369B7694C9}.Ad-Hoc|iPhone.Build.0 = Release|Any CPU
		{04862A5D-0637-4E3F-93DF-C6369B7694C9}.Ad-Hoc|iPhone.Deploy.0 = Release|Any CPU
		{04862A5D-0637-4E3F-93DF-C6369B7694C9}.Ad-Hoc|iPhoneSimulator.ActiveCfg = Release|Any CPU
		{04862A5D-0637-4E3F-93DF-C6369B7694C9}.Ad-Hoc|iPhoneSimulator.Build.0 = Release|Any CPU
		{04862A5D-0637-4E3F-93DF-C6369B7694C9}.Ad-Hoc|iPhoneSimulator.Deploy.0 = Release|Any CPU
		{04862A5D-0637-4E3F-93DF-C6369B7694C9}.Ad-Hoc|x86.ActiveCfg = Release|Any CPU
		{04862A5D-0637-4E3F-93DF-C6369B7694C9}.Ad-Hoc|x86.Build.0 = Release|Any CPU
		{04862A5D-0637-4E3F-93DF-C6369B7694C9}.Ad-Hoc|x86.Deploy.0 = Release|Any CPU
		{04862A5D-0637-4E3F-93DF-C6369B7694C9}.AppStore|Any CPU.ActiveCfg = Release|Any CPU
		{04862A5D-0637-4E3F-93DF-C6369B7694C9}.AppStore|Any CPU.Build.0 = Release|Any CPU
		{04862A5D-0637-4E3F-93DF-C6369B7694C9}.AppStore|Any CPU.Deploy.0 = Release|Any CPU
		{04862A5D-0637-4E3F-93DF-C6369B7694C9}.AppStore|ARM.ActiveCfg = Release|Any CPU
		{04862A5D-0637-4E3F-93DF-C6369B7694C9}.AppStore|ARM.Build.0 = Release|Any CPU
		{04862A5D-0637-4E3F-93DF-C6369B7694C9}.AppStore|ARM.Deploy.0 = Release|Any CPU
		{04862A5D-0637-4E3F-93DF-C6369B7694C9}.AppStore|iPhone.ActiveCfg = Release|Any CPU
		{04862A5D-0637-4E3F-93DF-C6369B7694C9}.AppStore|iPhone.Build.0 = Release|Any CPU
		{04862A5D-0637-4E3F-93DF-C6369B7694C9}.AppStore|iPhone.Deploy.0 = Release|Any CPU
		{04862A5D-0637-4E3F-93DF-C6369B7694C9}.AppStore|iPhoneSimulator.ActiveCfg = Release|Any CPU
		{04862A5D-0637-4E3F-93DF-C6369B7694C9}.AppStore|iPhoneSimulator.Build.0 = Release|Any CPU
		{04862A5D-0637-4E3F-93DF-C6369B7694C9}.AppStore|iPhoneSimulator.Deploy.0 = Release|Any CPU
		{04862A5D-0637-4E3F-93DF-C6369B7694C9}.AppStore|x86.ActiveCfg = Release|Any CPU
		{04862A5D-0637-4E3F-93DF-C6369B7694C9}.AppStore|x86.Build.0 = Release|Any CPU
		{04862A5D-0637-4E3F-93DF-C6369B7694C9}.AppStore|x86.Deploy.0 = Release|Any CPU
		{04862A5D-0637-4E3F-93DF-C6369B7694C9}.Debug|Any CPU.ActiveCfg = Debug|Any CPU
		{04862A5D-0637-4E3F-93DF-C6369B7694C9}.Debug|Any CPU.Build.0 = Debug|Any CPU
		{04862A5D-0637-4E3F-93DF-C6369B7694C9}.Debug|Any CPU.Deploy.0 = Debug|Any CPU
		{04862A5D-0637-4E3F-93DF-C6369B7694C9}.Debug|ARM.ActiveCfg = Debug|Any CPU
		{04862A5D-0637-4E3F-93DF-C6369B7694C9}.Debug|ARM.Build.0 = Debug|Any CPU
		{04862A5D-0637-4E3F-93DF-C6369B7694C9}.Debug|ARM.Deploy.0 = Debug|Any CPU
		{04862A5D-0637-4E3F-93DF-C6369B7694C9}.Debug|iPhone.ActiveCfg = Debug|Any CPU
		{04862A5D-0637-4E3F-93DF-C6369B7694C9}.Debug|iPhone.Build.0 = Debug|Any CPU
		{04862A5D-0637-4E3F-93DF-C6369B7694C9}.Debug|iPhone.Deploy.0 = Debug|Any CPU
		{04862A5D-0637-4E3F-93DF-C6369B7694C9}.Debug|iPhoneSimulator.ActiveCfg = Debug|Any CPU
		{04862A5D-0637-4E3F-93DF-C6369B7694C9}.Debug|iPhoneSimulator.Build.0 = Debug|Any CPU
		{04862A5D-0637-4E3F-93DF-C6369B7694C9}.Debug|iPhoneSimulator.Deploy.0 = Debug|Any CPU
		{04862A5D-0637-4E3F-93DF-C6369B7694C9}.Debug|x86.ActiveCfg = Debug|Any CPU
		{04862A5D-0637-4E3F-93DF-C6369B7694C9}.Debug|x86.Build.0 = Debug|Any CPU
		{04862A5D-0637-4E3F-93DF-C6369B7694C9}.Debug|x86.Deploy.0 = Debug|Any CPU
		{04862A5D-0637-4E3F-93DF-C6369B7694C9}.Release|Any CPU.ActiveCfg = Release|Any CPU
		{04862A5D-0637-4E3F-93DF-C6369B7694C9}.Release|Any CPU.Build.0 = Release|Any CPU
		{04862A5D-0637-4E3F-93DF-C6369B7694C9}.Release|Any CPU.Deploy.0 = Release|Any CPU
		{04862A5D-0637-4E3F-93DF-C6369B7694C9}.Release|ARM.ActiveCfg = Release|Any CPU
		{04862A5D-0637-4E3F-93DF-C6369B7694C9}.Release|ARM.Build.0 = Release|Any CPU
		{04862A5D-0637-4E3F-93DF-C6369B7694C9}.Release|ARM.Deploy.0 = Release|Any CPU
		{04862A5D-0637-4E3F-93DF-C6369B7694C9}.Release|iPhone.ActiveCfg = Release|Any CPU
		{04862A5D-0637-4E3F-93DF-C6369B7694C9}.Release|iPhone.Build.0 = Release|Any CPU
		{04862A5D-0637-4E3F-93DF-C6369B7694C9}.Release|iPhone.Deploy.0 = Release|Any CPU
		{04862A5D-0637-4E3F-93DF-C6369B7694C9}.Release|iPhoneSimulator.ActiveCfg = Release|Any CPU
		{04862A5D-0637-4E3F-93DF-C6369B7694C9}.Release|iPhoneSimulator.Build.0 = Release|Any CPU
		{04862A5D-0637-4E3F-93DF-C6369B7694C9}.Release|iPhoneSimulator.Deploy.0 = Release|Any CPU
		{04862A5D-0637-4E3F-93DF-C6369B7694C9}.Release|x86.ActiveCfg = Release|Any CPU
		{04862A5D-0637-4E3F-93DF-C6369B7694C9}.Release|x86.Build.0 = Release|Any CPU
		{04862A5D-0637-4E3F-93DF-C6369B7694C9}.Release|x86.Deploy.0 = Release|Any CPU
	EndGlobalSection
	GlobalSection(SolutionProperties) = preSolution
		HideSolutionNode = FALSE
	EndGlobalSection
EndGlobal
